
Microsoft Visual Studio Solution File, Format Version 12.00
# Visual Studio Version 17
VisualStudioVersion = 17.10.35122.118
MinimumVisualStudioVersion = 10.0.40219.1
Project("{FAE04EC0-301F-11D3-BF4B-00C04F79EFBC}") = "NguyenTheDung_Buoi4", "NguyenTheDung_Buoi4\NguyenTheDung_Buoi4.csproj", "{CE7ECBB4-6080-44C4-AE22-2790CF937EDA}"
EndProject
Global
	GlobalSection(SolutionConfigurationPlatforms) = preSolution
		Debug|Any CPU = Debug|Any CPU
		Release|Any CPU = Release|Any CPU
	EndGlobalSection
	GlobalSection(ProjectConfigurationPlatforms) = postSolution
		{CE7ECBB4-6080-44C4-AE22-2790CF937EDA}.Debug|Any CPU.ActiveCfg = Debug|Any CPU
		{CE7ECBB4-6080-44C4-AE22-2790CF937EDA}.Debug|Any CPU.Build.0 = Debug|Any CPU
		{CE7ECBB4-6080-44C4-AE22-2790CF937EDA}.Release|Any CPU.ActiveCfg = Release|Any CPU
		{CE7ECBB4-6080-44C4-AE22-2790CF937EDA}.Release|Any CPU.Build.0 = Release|Any CPU
	EndGlobalSection
	GlobalSection(SolutionProperties) = preSolution
		HideSolutionNode = FALSE
	EndGlobalSection
	GlobalSection(ExtensibilityGlobals) = postSolution
		SolutionGuid = {DA7F3C49-2807-4150-80B0-92F228C03FB4}
	EndGlobalSection
EndGlobal
